
Microsoft Visual Studio Solution File, Format Version 12.00
# Visual Studio 2013
VisualStudioVersion = 12.0.30723.0
MinimumVisualStudioVersion = 10.0.40219.1
Project("{FAE04EC0-301F-11D3-BF4B-00C04F79EFBC}") = "RolePermissions", "RolePermissions\RolePermissions.csproj", "{0A355231-440D-40AE-B453-DD976E0AD0DD}"
EndProject
Project("{2150E333-8FDC-42A3-9474-1A3956D46DE8}") = ".nuget", ".nuget", "{425AA943-0F47-45C3-81A6-BDBB42DED792}"
	ProjectSection(SolutionItems) = preProject
		.nuget\NuGet.Config = .nuget\NuGet.Config
		.nuget\NuGet.exe = .nuget\NuGet.exe
		.nuget\NuGet.targets = .nuget\NuGet.targets
	EndProjectSection
EndProject
Project("{CAA73BB0-EF22-4D79-A57E-DF67B3BA9C80}") = "SPEAK", "SPEAK\SPEAK.scproj", "{402C0516-2D57-4C90-B559-115D3BC3C6EB}"
EndProject
Global
	GlobalSection(TeamFoundationVersionControl) = preSolution
		SccNumberOfProjects = 3
		SccEnterpriseProvider = {4CA58AB2-18FA-4F8D-95D4-32DDF27D184C}
		SccTeamFoundationServer = https://sobek1985.visualstudio.com/defaultcollection
		SccLocalPath0 = .
		SccProjectUniqueName1 = RolePermissions\\RolePermissions.csproj
		SccProjectName1 = RolePermissions
		SccLocalPath1 = RolePermissions
		SccProjectUniqueName2 = SPEAK\\SPEAK.scproj
		SccProjectName2 = SPEAK
		SccLocalPath2 = SPEAK
	EndGlobalSection
	GlobalSection(SolutionConfigurationPlatforms) = preSolution
		Debug|Any CPU = Debug|Any CPU
		Release|Any CPU = Release|Any CPU
	EndGlobalSection
	GlobalSection(ProjectConfigurationPlatforms) = postSolution
		{0A355231-440D-40AE-B453-DD976E0AD0DD}.Debug|Any CPU.ActiveCfg = Debug|Any CPU
		{0A355231-440D-40AE-B453-DD976E0AD0DD}.Debug|Any CPU.Build.0 = Debug|Any CPU
		{0A355231-440D-40AE-B453-DD976E0AD0DD}.Release|Any CPU.ActiveCfg = Release|Any CPU
		{0A355231-440D-40AE-B453-DD976E0AD0DD}.Release|Any CPU.Build.0 = Release|Any CPU
		{402C0516-2D57-4C90-B559-115D3BC3C6EB}.Debug|Any CPU.ActiveCfg = Debug|Any CPU
		{402C0516-2D57-4C90-B559-115D3BC3C6EB}.Debug|Any CPU.Build.0 = Debug|Any CPU
		{402C0516-2D57-4C90-B559-115D3BC3C6EB}.Debug|Any CPU.Deploy.0 = Debug|Any CPU
		{402C0516-2D57-4C90-B559-115D3BC3C6EB}.Release|Any CPU.ActiveCfg = Release|Any CPU
		{402C0516-2D57-4C90-B559-115D3BC3C6EB}.Release|Any CPU.Build.0 = Release|Any CPU
		{402C0516-2D57-4C90-B559-115D3BC3C6EB}.Release|Any CPU.Deploy.0 = Release|Any CPU
	EndGlobalSection
	GlobalSection(SolutionProperties) = preSolution
		HideSolutionNode = FALSE
	EndGlobalSection
EndGlobal
